// !$*UTF8*$!
{
	archiveVersion = 1;
	classes = {
	};
	objectVersion = 50;
	objects = {

/* Begin PBXBuildFile section */
		1F8648672110655900EDBCBE /* AppDelegate.swift in Sources */ = {isa = PBXBuildFile; fileRef = 1F8648662110655900EDBCBE /* AppDelegate.swift */; };
		1F8648692110655900EDBCBE /* MealViewController.swift in Sources */ = {isa = PBXBuildFile; fileRef = 1F8648682110655900EDBCBE /* MealViewController.swift */; };
		1F86486C2110655900EDBCBE /* Main.storyboard in Resources */ = {isa = PBXBuildFile; fileRef = 1F86486A2110655900EDBCBE /* Main.storyboard */; };
		1F86486E2110655B00EDBCBE /* Assets.xcassets in Resources */ = {isa = PBXBuildFile; fileRef = 1F86486D2110655B00EDBCBE /* Assets.xcassets */; };
		1F8648712110655B00EDBCBE /* LaunchScreen.storyboard in Resources */ = {isa = PBXBuildFile; fileRef = 1F86486F2110655B00EDBCBE /* LaunchScreen.storyboard */; };
		1F86487C2110655B00EDBCBE /* FoodTrackerTests.swift in Sources */ = {isa = PBXBuildFile; fileRef = 1F86487B2110655B00EDBCBE /* FoodTrackerTests.swift */; };
		1F8648872110655B00EDBCBE /* FoodTrackerUITests.swift in Sources */ = {isa = PBXBuildFile; fileRef = 1F8648862110655B00EDBCBE /* FoodTrackerUITests.swift */; };
		1F864895211321C500EDBCBE /* RatingControl.swift in Sources */ = {isa = PBXBuildFile; fileRef = 1F864894211321C500EDBCBE /* RatingControl.swift */; };
		1F864897211A819100EDBCBE /* Meal.swift in Sources */ = {isa = PBXBuildFile; fileRef = 1F864896211A819100EDBCBE /* Meal.swift */; };
		1F864899211ACE5500EDBCBE /* MealTableViewCell.swift in Sources */ = {isa = PBXBuildFile; fileRef = 1F864898211ACE5500EDBCBE /* MealTableViewCell.swift */; };
		1F86489D211AE7BD00EDBCBE /* MealTableViewController.swift in Sources */ = {isa = PBXBuildFile; fileRef = 1F86489C211AE7BD00EDBCBE /* MealTableViewController.swift */; };
/* End PBXBuildFile section */

/* Begin PBXContainerItemProxy section */
		1F8648782110655B00EDBCBE /* PBXContainerItemProxy */ = {
			isa = PBXContainerItemProxy;
			containerPortal = 1F86485B2110655900EDBCBE /* Project object */;
			proxyType = 1;
			remoteGlobalIDString = 1F8648622110655900EDBCBE;
			remoteInfo = FoodTracker;
		};
		1F8648832110655B00EDBCBE /* PBXContainerItemProxy */ = {
			isa = PBXContainerItemProxy;
			containerPortal = 1F86485B2110655900EDBCBE /* Project object */;
			proxyType = 1;
			remoteGlobalIDString = 1F8648622110655900EDBCBE;
			remoteInfo = FoodTracker;
		};
/* End PBXContainerItemProxy section */

/* Begin PBXFileReference section */
		1F8648632110655900EDBCBE /* FoodTracker.app */ = {isa = PBXFileReference; explicitFileType = wrapper.application; includeInIndex = 0; path = FoodTracker.app; sourceTree = BUILT_PRODUCTS_DIR; };
		1F8648662110655900EDBCBE /* AppDelegate.swift */ = {isa = PBXFileReference; lastKnownFileType = sourcecode.swift; path = AppDelegate.swift; sourceTree = "<group>"; };
		1F8648682110655900EDBCBE /* MealViewController.swift */ = {isa = PBXFileReference; lastKnownFileType = sourcecode.swift; path = MealViewController.swift; sourceTree = "<group>"; };
		1F86486B2110655900EDBCBE /* Base */ = {isa = PBXFileReference; lastKnownFileType = file.storyboard; name = Base; path = Base.lproj/Main.storyboard; sourceTree = "<group>"; };
		1F86486D2110655B00EDBCBE /* Assets.xcassets */ = {isa = PBXFileReference; lastKnownFileType = folder.assetcatalog; path = Assets.xcassets; sourceTree = "<group>"; };
		1F8648702110655B00EDBCBE /* Base */ = {isa = PBXFileReference; lastKnownFileType = file.storyboard; name = Base; path = Base.lproj/LaunchScreen.storyboard; sourceTree = "<group>"; };
		1F8648722110655B00EDBCBE /* Info.plist */ = {isa = PBXFileReference; lastKnownFileType = text.plist.xml; path = Info.plist; sourceTree = "<group>"; };
		1F8648772110655B00EDBCBE /* FoodTrackerTests.xctest */ = {isa = PBXFileReference; explicitFileType = wrapper.cfbundle; includeInIndex = 0; path = FoodTrackerTests.xctest; sourceTree = BUILT_PRODUCTS_DIR; };
		1F86487B2110655B00EDBCBE /* FoodTrackerTests.swift */ = {isa = PBXFileReference; lastKnownFileType = sourcecode.swift; path = FoodTrackerTests.swift; sourceTree = "<group>"; };
		1F86487D2110655B00EDBCBE /* Info.plist */ = {isa = PBXFileReference; lastKnownFileType = text.plist.xml; path = Info.plist; sourceTree = "<group>"; };
		1F8648822110655B00EDBCBE /* FoodTrackerUITests.xctest */ = {isa = PBXFileReference; explicitFileType = wrapper.cfbundle; includeInIndex = 0; path = FoodTrackerUITests.xctest; sourceTree = BUILT_PRODUCTS_DIR; };
		1F8648862110655B00EDBCBE /* FoodTrackerUITests.swift */ = {isa = PBXFileReference; lastKnownFileType = sourcecode.swift; path = FoodTrackerUITests.swift; sourceTree = "<group>"; };
		1F8648882110655B00EDBCBE /* Info.plist */ = {isa = PBXFileReference; lastKnownFileType = text.plist.xml; path = Info.plist; sourceTree = "<group>"; };
		1F864894211321C500EDBCBE /* RatingControl.swift */ = {isa = PBXFileReference; lastKnownFileType = sourcecode.swift; path = RatingControl.swift; sourceTree = "<group>"; };
		1F864896211A819100EDBCBE /* Meal.swift */ = {isa = PBXFileReference; lastKnownFileType = sourcecode.swift; path = Meal.swift; sourceTree = "<group>"; };
		1F864898211ACE5500EDBCBE /* MealTableViewCell.swift */ = {isa = PBXFileReference; lastKnownFileType = sourcecode.swift; path = MealTableViewCell.swift; sourceTree = "<group>"; };
		1F86489C211AE7BD00EDBCBE /* MealTableViewController.swift */ = {isa = PBXFileReference; lastKnownFileType = sourcecode.swift; path = MealTableViewController.swift; sourceTree = "<group>"; };
/* End PBXFileReference section */

/* Begin PBXFrameworksBuildPhase section */
		1F8648602110655900EDBCBE /* Frameworks */ = {
			isa = PBXFrameworksBuildPhase;
			buildActionMask = 2147483647;
			files = (
			);
			runOnlyForDeploymentPostprocessing = 0;
		};
		1F8648742110655B00EDBCBE /* Frameworks */ = {
			isa = PBXFrameworksBuildPhase;
			buildActionMask = 2147483647;
			files = (
			);
			runOnlyForDeploymentPostprocessing = 0;
		};
		1F86487F2110655B00EDBCBE /* Frameworks */ = {
			isa = PBXFrameworksBuildPhase;
			buildActionMask = 2147483647;
			files = (
			);
			runOnlyForDeploymentPostprocessing = 0;
		};
/* End PBXFrameworksBuildPhase section */

/* Begin PBXGroup section */
		1F86485A2110655900EDBCBE = {
			isa = PBXGroup;
			children = (
				1F8648652110655900EDBCBE /* FoodTracker */,
				1F86487A2110655B00EDBCBE /* FoodTrackerTests */,
				1F8648852110655B00EDBCBE /* FoodTrackerUITests */,
				1F8648642110655900EDBCBE /* Products */,
			);
			sourceTree = "<group>";
		};
		1F8648642110655900EDBCBE /* Products */ = {
			isa = PBXGroup;
			children = (
				1F8648632110655900EDBCBE /* FoodTracker.app */,
				1F8648772110655B00EDBCBE /* FoodTrackerTests.xctest */,
				1F8648822110655B00EDBCBE /* FoodTrackerUITests.xctest */,
			);
			name = Products;
			sourceTree = "<group>";
		};
		1F8648652110655900EDBCBE /* FoodTracker */ = {
			isa = PBXGroup;
			children = (
				1F864898211ACE5500EDBCBE /* MealTableViewCell.swift */,
				1F864896211A819100EDBCBE /* Meal.swift */,
				1F8648662110655900EDBCBE /* AppDelegate.swift */,
				1F8648682110655900EDBCBE /* MealViewController.swift */,
				1F864894211321C500EDBCBE /* RatingControl.swift */,
				1F86486A2110655900EDBCBE /* Main.storyboard */,
				1F86486D2110655B00EDBCBE /* Assets.xcassets */,
				1F86486F2110655B00EDBCBE /* LaunchScreen.storyboard */,
				1F8648722110655B00EDBCBE /* Info.plist */,
				1F86489C211AE7BD00EDBCBE /* MealTableViewController.swift */,
			);
			path = FoodTracker;
			sourceTree = "<group>";
		};
		1F86487A2110655B00EDBCBE /* FoodTrackerTests */ = {
			isa = PBXGroup;
			children = (
				1F86487B2110655B00EDBCBE /* FoodTrackerTests.swift */,
				1F86487D2110655B00EDBCBE /* Info.plist */,
			);
			path = FoodTrackerTests;
			sourceTree = "<group>";
		};
		1F8648852110655B00EDBCBE /* FoodTrackerUITests */ = {
			isa = PBXGroup;
			children = (
				1F8648862110655B00EDBCBE /* FoodTrackerUITests.swift */,
				1F8648882110655B00EDBCBE /* Info.plist */,
			);
			path = FoodTrackerUITests;
			sourceTree = "<group>";
		};
/* End PBXGroup section */

/* Begin PBXNativeTarget section */
		1F8648622110655900EDBCBE /* FoodTracker */ = {
			isa = PBXNativeTarget;
			buildConfigurationList = 1F86488B2110655C00EDBCBE /* Build configuration list for PBXNativeTarget "FoodTracker" */;
			buildPhases = (
				1F86485F2110655900EDBCBE /* Sources */,
				1F8648602110655900EDBCBE /* Frameworks */,
				1F8648612110655900EDBCBE /* Resources */,
			);
			buildRules = (
			);
			dependencies = (
			);
			name = FoodTracker;
			productName = FoodTracker;
			productReference = 1F8648632110655900EDBCBE /* FoodTracker.app */;
			productType = "com.apple.product-type.application";
		};
		1F8648762110655B00EDBCBE /* FoodTrackerTests */ = {
			isa = PBXNativeTarget;
			buildConfigurationList = 1F86488E2110655C00EDBCBE /* Build configuration list for PBXNativeTarget "FoodTrackerTests" */;
			buildPhases = (
				1F8648732110655B00EDBCBE /* Sources */,
				1F8648742110655B00EDBCBE /* Frameworks */,
				1F8648752110655B00EDBCBE /* Resources */,
			);
			buildRules = (
			);
			dependencies = (
				1F8648792110655B00EDBCBE /* PBXTargetDependency */,
			);
			name = FoodTrackerTests;
			productName = FoodTrackerTests;
			productReference = 1F8648772110655B00EDBCBE /* FoodTrackerTests.xctest */;
			productType = "com.apple.product-type.bundle.unit-test";
		};
		1F8648812110655B00EDBCBE /* FoodTrackerUITests */ = {
			isa = PBXNativeTarget;
			buildConfigurationList = 1F8648912110655C00EDBCBE /* Build configuration list for PBXNativeTarget "FoodTrackerUITests" */;
			buildPhases = (
				1F86487E2110655B00EDBCBE /* Sources */,
				1F86487F2110655B00EDBCBE /* Frameworks */,
				1F8648802110655B00EDBCBE /* Resources */,
			);
			buildRules = (
			);
			dependencies = (
				1F8648842110655B00EDBCBE /* PBXTargetDependency */,
			);
			name = FoodTrackerUITests;
			productName = FoodTrackerUITests;
			productReference = 1F8648822110655B00EDBCBE /* FoodTrackerUITests.xctest */;
			productType = "com.apple.product-type.bundle.ui-testing";
		};
/* End PBXNativeTarget section */

/* Begin PBXProject section */
		1F86485B2110655900EDBCBE /* Project object */ = {
			isa = PBXProject;
			attributes = {
				LastSwiftUpdateCheck = 0940;
				LastUpgradeCheck = 0940;
				ORGANIZATIONNAME = "Tsuyoshi Chujo";
				TargetAttributes = {
					1F8648622110655900EDBCBE = {
						CreatedOnToolsVersion = 9.4.1;
					};
					1F8648762110655B00EDBCBE = {
						CreatedOnToolsVersion = 9.4.1;
						TestTargetID = 1F8648622110655900EDBCBE;
					};
					1F8648812110655B00EDBCBE = {
						CreatedOnToolsVersion = 9.4.1;
						TestTargetID = 1F8648622110655900EDBCBE;
					};
				};
			};
			buildConfigurationList = 1F86485E2110655900EDBCBE /* Build configuration list for PBXProject "FoodTracker" */;
			compatibilityVersion = "Xcode 9.3";
			developmentRegion = en;
			hasScannedForEncodings = 0;
			knownRegions = (
				en,
				Base,
			);
			mainGroup = 1F86485A2110655900EDBCBE;
			productRefGroup = 1F8648642110655900EDBCBE /* Products */;
			projectDirPath = "";
			projectRoot = "";
			targets = (
				1F8648622110655900EDBCBE /* FoodTracker */,
				1F8648762110655B00EDBCBE /* FoodTrackerTests */,
				1F8648812110655B00EDBCBE /* FoodTrackerUITests */,
			);
		};
/* End PBXProject section */

/* Begin PBXResourcesBuildPhase section */
		1F8648612110655900EDBCBE /* Resources */ = {
			isa = PBXResourcesBuildPhase;
			buildActionMask = 2147483647;
			files = (
				1F8648712110655B00EDBCBE /* LaunchScreen.storyboard in Resources */,
				1F86486E2110655B00EDBCBE /* Assets.xcassets in Resources */,
				1F86486C2110655900EDBCBE /* Main.storyboard in Resources */,
			);
			runOnlyForDeploymentPostprocessing = 0;
		};
		1F8648752110655B00EDBCBE /* Resources */ = {
			isa = PBXResourcesBuildPhase;
			buildActionMask = 2147483647;
			files = (
			);
			runOnlyForDeploymentPostprocessing = 0;
		};
		1F8648802110655B00EDBCBE /* Resources */ = {
			isa = PBXResourcesBuildPhase;
			buildActionMask = 2147483647;
			files = (
			);
			runOnlyForDeploymentPostprocessing = 0;
		};
/* End PBXResourcesBuildPhase section */

/* Begin PBXSourcesBuildPhase section */
		1F86485F2110655900EDBCBE /* Sources */ = {
			isa = PBXSourcesBuildPhase;
			buildActionMask = 2147483647;
			files = (
				1F864897211A819100EDBCBE /* Meal.swift in Sources */,
				1F8648692110655900EDBCBE /* MealViewController.swift in Sources */,
				1F864895211321C500EDBCBE /* RatingControl.swift in Sources */,
				1F8648672110655900EDBCBE /* AppDelegate.swift in Sources */,
				1F86489D211AE7BD00EDBCBE /* MealTableViewController.swift in Sources */,
				1F864899211ACE5500EDBCBE /* MealTableViewCell.swift in Sources */,
			);
			runOnlyForDeploymentPostprocessing = 0;
		};
		1F8648732110655B00EDBCBE /* Sources */ = {
			isa = PBXSourcesBuildPhase;
			buildActionMask = 2147483647;
			files = (
				1F86487C2110655B00EDBCBE /* FoodTrackerTests.swift in Sources */,
			);
			runOnlyForDeploymentPostprocessing = 0;
		};
		1F86487E2110655B00EDBCBE /* Sources */ = {
			isa = PBXSourcesBuildPhase;
			buildActionMask = 2147483647;
			files = (
				1F8648872110655B00EDBCBE /* FoodTrackerUITests.swift in Sources */,
			);
			runOnlyForDeploymentPostprocessing = 0;
		};
/* End PBXSourcesBuildPhase section */

/* Begin PBXTargetDependency section */
		1F8648792110655B00EDBCBE /* PBXTargetDependency */ = {
			isa = PBXTargetDependency;
			target = 1F8648622110655900EDBCBE /* FoodTracker */;
			targetProxy = 1F8648782110655B00EDBCBE /* PBXContainerItemProxy */;
		};
		1F8648842110655B00EDBCBE /* PBXTargetDependency */ = {
			isa = PBXTargetDependency;
			target = 1F8648622110655900EDBCBE /* FoodTracker */;
			targetProxy = 1F8648832110655B00EDBCBE /* PBXContainerItemProxy */;
		};
/* End PBXTargetDependency section */

/* Begin PBXVariantGroup section */
		1F86486A2110655900EDBCBE /* Main.storyboard */ = {
			isa = PBXVariantGroup;
			children = (
				1F86486B2110655900EDBCBE /* Base */,
			);
			name = Main.storyboard;
			sourceTree = "<group>";
		};
		1F86486F2110655B00EDBCBE /* LaunchScreen.storyboard */ = {
			isa = PBXVariantGroup;
			children = (
				1F8648702110655B00EDBCBE /* Base */,
			);
			name = LaunchScreen.storyboard;
			sourceTree = "<group>";
		};
/* End PBXVariantGroup section */

/* Begin XCBuildConfiguration section */
		1F8648892110655B00EDBCBE /* Debug */ = {
			isa = XCBuildConfiguration;
			buildSettings = {
				ALWAYS_SEARCH_USER_PATHS = NO;
				CLANG_ANALYZER_NONNULL = YES;
				CLANG_ANALYZER_NUMBER_OBJECT_CONVERSION = YES_AGGRESSIVE;
				CLANG_CXX_LANGUAGE_STANDARD = "gnu++14";
				CLANG_CXX_LIBRARY = "libc++";
				CLANG_ENABLE_MODULES = YES;
				CLANG_ENABLE_OBJC_ARC = YES;
				CLANG_ENABLE_OBJC_WEAK = YES;
				CLANG_WARN_BLOCK_CAPTURE_AUTORELEASING = YES;
				CLANG_WARN_BOOL_CONVERSION = YES;
				CLANG_WARN_COMMA = YES;
				CLANG_WARN_CONSTANT_CONVERSION = YES;
				CLANG_WARN_DEPRECATED_OBJC_IMPLEMENTATIONS = YES;
				CLANG_WARN_DIRECT_OBJC_ISA_USAGE = YES_ERROR;
				CLANG_WARN_DOCUMENTATION_COMMENTS = YES;
				CLANG_WARN_EMPTY_BODY = YES;
				CLANG_WARN_ENUM_CONVERSION = YES;
				CLANG_WARN_INFINITE_RECURSION = YES;
				CLANG_WARN_INT_CONVERSION = YES;
				CLANG_WARN_NON_LITERAL_NULL_CONVERSION = YES;
				CLANG_WARN_OBJC_IMPLICIT_RETAIN_SELF = YES;
				CLANG_WARN_OBJC_LITERAL_CONVERSION = YES;
				CLANG_WARN_OBJC_ROOT_CLASS = YES_ERROR;
				CLANG_WARN_RANGE_LOOP_ANALYSIS = YES;
				CLANG_WARN_STRICT_PROTOTYPES = YES;
				CLANG_WARN_SUSPICIOUS_MOVE = YES;
				CLANG_WARN_UNGUARDED_AVAILABILITY = YES_AGGRESSIVE;
				CLANG_WARN_UNREACHABLE_CODE = YES;
				CLANG_WARN__DUPLICATE_METHOD_MATCH = YES;
				CODE_SIGN_IDENTITY = "iPhone Developer";
				COPY_PHASE_STRIP = NO;
				DEBUG_INFORMATION_FORMAT = dwarf;
				ENABLE_STRICT_OBJC_MSGSEND = YES;
				ENABLE_TESTABILITY = YES;
				GCC_C_LANGUAGE_STANDARD = gnu11;
				GCC_DYNAMIC_NO_PIC = NO;
				GCC_NO_COMMON_BLOCKS = YES;
				GCC_OPTIMIZATION_LEVEL = 0;
				GCC_PREPROCESSOR_DEFINITIONS = (
					"DEBUG=1",
					"$(inherited)",
				);
				GCC_WARN_64_TO_32_BIT_CONVERSION = YES;
				GCC_WARN_ABOUT_RETURN_TYPE = YES_ERROR;
				GCC_WARN_UNDECLARED_SELECTOR = YES;
				GCC_WARN_UNINITIALIZED_AUTOS = YES_AGGRESSIVE;
				GCC_WARN_UNUSED_FUNCTION = YES;
				GCC_WARN_UNUSED_VARIABLE = YES;
				IPHONEOS_DEPLOYMENT_TARGET = 11.4;
				MTL_ENABLE_DEBUG_INFO = YES;
				ONLY_ACTIVE_ARCH = YES;
				SDKROOT = iphoneos;
				SWIFT_ACTIVE_COMPILATION_CONDITIONS = DEBUG;
				SWIFT_OPTIMIZATION_LEVEL = "-Onone";
			};
			name = Debug;
		};
		1F86488A2110655B00EDBCBE /* Release */ = {
			isa = XCBuildConfiguration;
			buildSettings = {
				ALWAYS_SEARCH_USER_PATHS = NO;
				CLANG_ANALYZER_NONNULL = YES;
				CLANG_ANALYZER_NUMBER_OBJECT_CONVERSION = YES_AGGRESSIVE;
				CLANG_CXX_LANGUAGE_STANDARD = "gnu++14";
				CLANG_CXX_LIBRARY = "libc++";
				CLANG_ENABLE_MODULES = YES;
				CLANG_ENABLE_OBJC_ARC = YES;
				CLANG_ENABLE_OBJC_WEAK = YES;
				CLANG_WARN_BLOCK_CAPTURE_AUTORELEASING = YES;
				CLANG_WARN_BOOL_CONVERSION = YES;
				CLANG_WARN_COMMA = YES;
				CLANG_WARN_CONSTANT_CONVERSION = YES;
				CLANG_WARN_DEPRECATED_OBJC_IMPLEMENTATIONS = YES;
				CLANG_WARN_DIRECT_OBJC_ISA_USAGE = YES_ERROR;
				CLANG_WARN_DOCUMENTATION_COMMENTS = YES;
				CLANG_WARN_EMPTY_BODY = YES;
				CLANG_WARN_ENUM_CONVERSION = YES;
				CLANG_WARN_INFINITE_RECURSION = YES;
				CLANG_WARN_INT_CONVERSION = YES;
				CLANG_WARN_NON_LITERAL_NULL_CONVERSION = YES;
				CLANG_WARN_OBJC_IMPLICIT_RETAIN_SELF = YES;
				CLANG_WARN_OBJC_LITERAL_CONVERSION = YES;
				CLANG_WARN_OBJC_ROOT_CLASS = YES_ERROR;
				CLANG_WARN_RANGE_LOOP_ANALYSIS = YES;
				CLANG_WARN_STRICT_PROTOTYPES = YES;
				CLANG_WARN_SUSPICIOUS_MOVE = YES;
				CLANG_WARN_UNGUARDED_AVAILABILITY = YES_AGGRESSIVE;
				CLANG_WARN_UNREACHABLE_CODE = YES;
				CLANG_WARN__DUPLICATE_METHOD_MATCH = YES;
				CODE_SIGN_IDENTITY = "iPhone Developer";
				COPY_PHASE_STRIP = NO;
				DEBUG_INFORMATION_FORMAT = "dwarf-with-dsym";
				ENABLE_NS_ASSERTIONS = NO;
				ENABLE_STRICT_OBJC_MSGSEND = YES;
				GCC_C_LANGUAGE_STANDARD = gnu11;
				GCC_NO_COMMON_BLOCKS = YES;
				GCC_WARN_64_TO_32_BIT_CONVERSION = YES;
				GCC_WARN_ABOUT_RETURN_TYPE = YES_ERROR;
				GCC_WARN_UNDECLARED_SELECTOR = YES;
				GCC_WARN_UNINITIALIZED_AUTOS = YES_AGGRESSIVE;
				GCC_WARN_UNUSED_FUNCTION = YES;
				GCC_WARN_UNUSED_VARIABLE = YES;
				IPHONEOS_DEPLOYMENT_TARGET = 11.4;
				MTL_ENABLE_DEBUG_INFO = NO;
				SDKROOT = iphoneos;
				SWIFT_COMPILATION_MODE = wholemodule;
				SWIFT_OPTIMIZATION_LEVEL = "-O";
				VALIDATE_PRODUCT = YES;
			};
			name = Release;
		};
		1F86488C2110655C00EDBCBE /* Debug */ = {
			isa = XCBuildConfiguration;
			buildSettings = {
				ASSETCATALOG_COMPILER_APPICON_NAME = AppIcon;
				CODE_SIGN_STYLE = Automatic;
				INFOPLIST_FILE = FoodTracker/Info.plist;
				LD_RUNPATH_SEARCH_PATHS = (
					"$(inherited)",
					"@executable_path/Frameworks",
				);
				PRODUCT_BUNDLE_IDENTIFIER = jp.co.chooyan.FoodTracker;
				PRODUCT_NAME = "$(TARGET_NAME)";
				SWIFT_VERSION = 4.0;
				TARGETED_DEVICE_FAMILY = "1,2";
			};
			name = Debug;
		};
		1F86488D2110655C00EDBCBE /* Release */ = {
			isa = XCBuildConfiguration;
			buildSettings = {
				ASSETCATALOG_COMPILER_APPICON_NAME = AppIcon;
				CODE_SIGN_STYLE = Automatic;
				INFOPLIST_FILE = FoodTracker/Info.plist;
				LD_RUNPATH_SEARCH_PATHS = (
					"$(inherited)",
					"@executable_path/Frameworks",
				);
				PRODUCT_BUNDLE_IDENTIFIER = jp.co.chooyan.FoodTracker;
				PRODUCT_NAME = "$(TARGET_NAME)";
				SWIFT_VERSION = 4.0;
				TARGETED_DEVICE_FAMILY = "1,2";
			};
			name = Release;
		};
		1F86488F2110655C00EDBCBE /* Debug */ = {
			isa = XCBuildConfiguration;
			buildSettings = {
				ALWAYS_EMBED_SWIFT_STANDARD_LIBRARIES = YES;
				BUNDLE_LOADER = "$(TEST_HOST)";
				CODE_SIGN_STYLE = Automatic;
				INFOPLIST_FILE = FoodTrackerTests/Info.plist;
				LD_RUNPATH_SEARCH_PATHS = (
					"$(inherited)",
					"@executable_path/Frameworks",
					"@loader_path/Frameworks",
				);
				PRODUCT_BUNDLE_IDENTIFIER = jp.co.chooyan.FoodTrackerTests;
				PRODUCT_NAME = "$(TARGET_NAME)";
				SWIFT_VERSION = 4.0;
				TARGETED_DEVICE_FAMILY = "1,2";
				TEST_HOST = "$(BUILT_PRODUCTS_DIR)/FoodTracker.app/FoodTracker";
			};
			name = Debug;
		};
		1F8648902110655C00EDBCBE /* Release */ = {
			isa = XCBuildConfiguration;
			buildSettings = {
				ALWAYS_EMBED_SWIFT_STANDARD_LIBRARIES = YES;
				BUNDLE_LOADER = "$(TEST_HOST)";
				CODE_SIGN_STYLE = Automatic;
				INFOPLIST_FILE = FoodTrackerTests/Info.plist;
				LD_RUNPATH_SEARCH_PATHS = (
					"$(inherited)",
					"@executable_path/Frameworks",
					"@loader_path/Frameworks",
				);
				PRODUCT_BUNDLE_IDENTIFIER = jp.co.chooyan.FoodTrackerTests;
				PRODUCT_NAME = "$(TARGET_NAME)";
				SWIFT_VERSION = 4.0;
				TARGETED_DEVICE_FAMILY = "1,2";
				TEST_HOST = "$(BUILT_PRODUCTS_DIR)/FoodTracker.app/FoodTracker";
			};
			name = Release;
		};
		1F8648922110655C00EDBCBE /* Debug */ = {
			isa = XCBuildConfiguration;
			buildSettings = {
				ALWAYS_EMBED_SWIFT_STANDARD_LIBRARIES = YES;
				CODE_SIGN_STYLE = Automatic;
				INFOPLIST_FILE = FoodTrackerUITests/Info.plist;
				LD_RUNPATH_SEARCH_PATHS = (
					"$(inherited)",
					"@executable_path/Frameworks",
					"@loader_path/Frameworks",
				);
				PRODUCT_BUNDLE_IDENTIFIER = jp.co.chooyan.FoodTrackerUITests;
				PRODUCT_NAME = "$(TARGET_NAME)";
				SWIFT_VERSION = 4.0;
				TARGETED_DEVICE_FAMILY = "1,2";
				TEST_TARGET_NAME = FoodTracker;
			};
			name = Debug;
		};
		1F8648932110655C00EDBCBE /* Release */ = {
			isa = XCBuildConfiguration;
			buildSettings = {
				ALWAYS_EMBED_SWIFT_STANDARD_LIBRARIES = YES;
				CODE_SIGN_STYLE = Automatic;
				INFOPLIST_FILE = FoodTrackerUITests/Info.plist;
				LD_RUNPATH_SEARCH_PATHS = (
					"$(inherited)",
					"@executable_path/Frameworks",
					"@loader_path/Frameworks",
				);
				PRODUCT_BUNDLE_IDENTIFIER = jp.co.chooyan.FoodTrackerUITests;
				PRODUCT_NAME = "$(TARGET_NAME)";
				SWIFT_VERSION = 4.0;
				TARGETED_DEVICE_FAMILY = "1,2";
				TEST_TARGET_NAME = FoodTracker;
			};
			name = Release;
		};
/* End XCBuildConfiguration section */

/* Begin XCConfigurationList section */
		1F86485E2110655900EDBCBE /* Build configuration list for PBXProject "FoodTracker" */ = {
			isa = XCConfigurationList;
			buildConfigurations = (
				1F8648892110655B00EDBCBE /* Debug */,
				1F86488A2110655B00EDBCBE /* Release */,
			);
			defaultConfigurationIsVisible = 0;
			defaultConfigurationName = Release;
		};
		1F86488B2110655C00EDBCBE /* Build configuration list for PBXNativeTarget "FoodTracker" */ = {
			isa = XCConfigurationList;
			buildConfigurations = (
				1F86488C2110655C00EDBCBE /* Debug */,
				1F86488D2110655C00EDBCBE /* Release */,
			);
			defaultConfigurationIsVisible = 0;
			defaultConfigurationName = Release;
		};
		1F86488E2110655C00EDBCBE /* Build configuration list for PBXNativeTarget "FoodTrackerTests" */ = {
			isa = XCConfigurationList;
			buildConfigurations = (
				1F86488F2110655C00EDBCBE /* Debug */,
				1F8648902110655C00EDBCBE /* Release */,
			);
			defaultConfigurationIsVisible = 0;
			defaultConfigurationName = Release;
		};
		1F8648912110655C00EDBCBE /* Build configuration list for PBXNativeTarget "FoodTrackerUITests" */ = {
			isa = XCConfigurationList;
			buildConfigurations = (
				1F8648922110655C00EDBCBE /* Debug */,
				1F8648932110655C00EDBCBE /* Release */,
			);
			defaultConfigurationIsVisible = 0;
			defaultConfigurationName = Release;
		};
/* End XCConfigurationList section */
	};
	rootObject = 1F86485B2110655900EDBCBE /* Project object */;
}
